
Microsoft Visual Studio Solution File, Format Version 12.00
# Visual Studio 15
VisualStudioVersion = 15.0.28010.2026
MinimumVisualStudioVersion = 10.0.40219.1
Project("{FAE04EC0-301F-11D3-BF4B-00C04F79EFBC}") = "PTD_Lab2", "PTD_Lab2\PTD_Lab2.csproj", "{7F0B3B90-6B43-4B97-BF73-76B235422BE4}"
EndProject
Global
	GlobalSection(SolutionConfigurationPlatforms) = preSolution
		Debug|Any CPU = Debug|Any CPU
		Release|Any CPU = Release|Any CPU
	EndGlobalSection
	GlobalSection(ProjectConfigurationPlatforms) = postSolution
		{7F0B3B90-6B43-4B97-BF73-76B235422BE4}.Debug|Any CPU.ActiveCfg = Release|Any CPU
		{7F0B3B90-6B43-4B97-BF73-76B235422BE4}.Debug|Any CPU.Build.0 = Release|Any CPU
		{7F0B3B90-6B43-4B97-BF73-76B235422BE4}.Release|Any CPU.ActiveCfg = Release|Any CPU
		{7F0B3B90-6B43-4B97-BF73-76B235422BE4}.Release|Any CPU.Build.0 = Release|Any CPU
	EndGlobalSection
	GlobalSection(SolutionProperties) = preSolution
		HideSolutionNode = FALSE
	EndGlobalSection
	GlobalSection(ExtensibilityGlobals) = postSolution
		SolutionGuid = {2A0E6086-523B-4023-A15E-C928AA1030AC}
	EndGlobalSection
EndGlobal
